
Microsoft Visual Studio Solution File, Format Version 12.00
# Visual Studio 14
VisualStudioVersion = 14.0.25420.1
MinimumVisualStudioVersion = 10.0.40219.1
Project("{FAE04EC0-301F-11D3-BF4B-00C04F79EFBC}") = "Entities", "Entities\Entities.csproj", "{46A1A21D-7E0E-43CE-B427-2894DDFB6E41}"
EndProject
Project("{FAE04EC0-301F-11D3-BF4B-00C04F79EFBC}") = "Data", "Data\Data.csproj", "{EE8C8850-BBC7-43B0-A086-9D8F8903AF88}"
EndProject
Project("{FAE04EC0-301F-11D3-BF4B-00C04F79EFBC}") = "Test", "Test\Test.csproj", "{859AEF2A-223A-4B91-9D3F-B547C6DD83F0}"
EndProject
Global
	GlobalSection(SolutionConfigurationPlatforms) = preSolution
		Debug|Any CPU = Debug|Any CPU
		Release|Any CPU = Release|Any CPU
	EndGlobalSection
	GlobalSection(ProjectConfigurationPlatforms) = postSolution
		{46A1A21D-7E0E-43CE-B427-2894DDFB6E41}.Debug|Any CPU.ActiveCfg = Debug|Any CPU
		{46A1A21D-7E0E-43CE-B427-2894DDFB6E41}.Debug|Any CPU.Build.0 = Debug|Any CPU
		{46A1A21D-7E0E-43CE-B427-2894DDFB6E41}.Release|Any CPU.ActiveCfg = Release|Any CPU
		{46A1A21D-7E0E-43CE-B427-2894DDFB6E41}.Release|Any CPU.Build.0 = Release|Any CPU
		{EE8C8850-BBC7-43B0-A086-9D8F8903AF88}.Debug|Any CPU.ActiveCfg = Debug|Any CPU
		{EE8C8850-BBC7-43B0-A086-9D8F8903AF88}.Debug|Any CPU.Build.0 = Debug|Any CPU
		{EE8C8850-BBC7-43B0-A086-9D8F8903AF88}.Release|Any CPU.ActiveCfg = Release|Any CPU
		{EE8C8850-BBC7-43B0-A086-9D8F8903AF88}.Release|Any CPU.Build.0 = Release|Any CPU
		{859AEF2A-223A-4B91-9D3F-B547C6DD83F0}.Debug|Any CPU.ActiveCfg = Debug|Any CPU
		{859AEF2A-223A-4B91-9D3F-B547C6DD83F0}.Debug|Any CPU.Build.0 = Debug|Any CPU
		{859AEF2A-223A-4B91-9D3F-B547C6DD83F0}.Release|Any CPU.ActiveCfg = Release|Any CPU
		{859AEF2A-223A-4B91-9D3F-B547C6DD83F0}.Release|Any CPU.Build.0 = Release|Any CPU
	EndGlobalSection
	GlobalSection(SolutionProperties) = preSolution
		HideSolutionNode = FALSE
	EndGlobalSection
EndGlobal
